
Microsoft Visual Studio Solution File, Format Version 12.00
# Visual Studio Version 17
VisualStudioVersion = 17.11.35327.3
MinimumVisualStudioVersion = 10.0.40219.1
Project("{8BC9CEB8-8B4A-11D0-8D11-00A0C91BC942}") = "FFTanimations", "FFTanimations.vcxproj", "{F7A8D54A-23D3-4E03-8596-AA928EDBAB13}"
EndProject
Global
	GlobalSection(SolutionConfigurationPlatforms) = preSolution
		Debug|x64 = Debug|x64
		Debug|x86 = Debug|x86
		Release|x64 = Release|x64
		Release|x86 = Release|x86
	EndGlobalSection
	GlobalSection(ProjectConfigurationPlatforms) = postSolution
		{F7A8D54A-23D3-4E03-8596-AA928EDBAB13}.Debug|x64.ActiveCfg = Debug|x64
		{F7A8D54A-23D3-4E03-8596-AA928EDBAB13}.Debug|x64.Build.0 = Debug|x64
		{F7A8D54A-23D3-4E03-8596-AA928EDBAB13}.Debug|x86.ActiveCfg = Debug|Win32
		{F7A8D54A-23D3-4E03-8596-AA928EDBAB13}.Debug|x86.Build.0 = Debug|Win32
		{F7A8D54A-23D3-4E03-8596-AA928EDBAB13}.Release|x64.ActiveCfg = Release|x64
		{F7A8D54A-23D3-4E03-8596-AA928EDBAB13}.Release|x64.Build.0 = Release|x64
		{F7A8D54A-23D3-4E03-8596-AA928EDBAB13}.Release|x86.ActiveCfg = Release|Win32
		{F7A8D54A-23D3-4E03-8596-AA928EDBAB13}.Release|x86.Build.0 = Release|Win32
	EndGlobalSection
	GlobalSection(SolutionProperties) = preSolution
		HideSolutionNode = FALSE
	EndGlobalSection
	GlobalSection(ExtensibilityGlobals) = postSolution
		SolutionGuid = {E9A4F58B-315B-4CD0-8C42-99D9C5F363D2}
	EndGlobalSection
EndGlobal
